{
  "requires": true,
  "lockfileVersion": 1,
  "dependencies": {
    "angular": {
      "version": "1.7.3",
      "resolved": "https://registry.npmjs.org/angular/-/angular-1.7.3.tgz",
      "integrity": "sha512-hQRhU56shs72y88cS0Uy9g+UAMHoztJ3V+r+iF8o1AK/Bpu8ewmjFDk9j2LjSuN05a9mhxW1rOHnYKOwyTS/Zg=="
    },
    "angular-route": {
      "version": "1.7.3",
      "resolved": "https://registry.npmjs.org/angular-route/-/angular-route-1.7.3.tgz",
      "integrity": "sha512-/x6kLCeiG9BCi4DZeuuPfK1G05w69uwu7x69hL4eqSq5VOUkmkbFK1oM2pIKPwkATSYT2QKK0rwPydZNBUvCsw=="
    },
    "angular-router": {
      "version": "0.0.2",
      "resolved": "https://registry.npmjs.org/angular-router/-/angular-router-0.0.2.tgz",
      "integrity": "sha1-UN3ZH0Pt2ofagzWssh1DinguIvw="
    },
    "ng": {
      "version": "0.0.0",
      "resolved": "https://registry.npmjs.org/ng/-/ng-0.0.0.tgz",
      "integrity": "sha512-HwR40IBJa1ZU+CIGyuy7vSCN3xFYlSRfw5eIwwKOdOMNNNIl8KhT6PXKmHuFEFYpfrbOMaCYtr4QOJ3gkkubcg=="
    },
    "node": {
      "version": "10.8.0",
      "resolved": "https://registry.npmjs.org/node/-/node-10.8.0.tgz",
      "integrity": "sha512-4uoZXeQgkIfGg88Tv0MxSV60n8GoIvkqoDUNfN1IqUStSaXOlqKTfkPDL06mbZhMSV++55Q8ze9JgMC3RF97OA==",
      "requires": {
        "node-bin-setup": "1.0.6"
      }
    },
    "node-bin-setup": {
      "version": "1.0.6",
      "resolved": "https://registry.npmjs.org/node-bin-setup/-/node-bin-setup-1.0.6.tgz",
      "integrity": "sha512-uPIxXNis1CRbv1DwqAxkgBk5NFV3s7cMN/Gf556jSw6jBvV7ca4F9lRL/8cALcZecRibeqU+5dFYqFFmzv5a0Q=="
    },
    "route": {
      "version": "0.2.5",
      "resolved": "https://registry.npmjs.org/route/-/route-0.2.5.tgz",
      "integrity": "sha1-7dd7g5CRhyZsdnTik4/ZlPugCew="
    }
  }
}
